
Microsoft Visual Studio Solution File, Format Version 12.00
# Visual Studio Version 16
VisualStudioVersion = 16.0.29728.190
MinimumVisualStudioVersion = 10.0.40219.1
Project("{9A19103F-16F7-4668-BE54-9A1E7A4F7556}") = "SocialCRM.DAL", "src\SocialCRM.DAL\SocialCRM.DAL.csproj", "{B1E3F15A-3A7B-4068-8830-188948F4B461}"
EndProject
Project("{9A19103F-16F7-4668-BE54-9A1E7A4F7556}") = "SocialCRM.DAL.Migrations", "src\SocialCRM.DAL.Migrations\SocialCRM.DAL.Migrations.csproj", "{CC5590EF-67C0-4AED-B8A1-37054EC8E2DB}"
EndProject
Project("{9A19103F-16F7-4668-BE54-9A1E7A4F7556}") = "SocialCRM.Web", "src\SocialCRM.Web\SocialCRM.Web.csproj", "{FAB30D66-2B16-4102-8C38-7ED8A8369E3C}"
EndProject
Project("{FAE04EC0-301F-11D3-BF4B-00C04F79EFBC}") = "SocialCRM.IdentityServer", "src\SocialCRM.IdentityServer\SocialCRM.IdentityServer.csproj", "{B01771D9-2170-44FB-A2E0-437183D08288}"
EndProject
Project("{FAE04EC0-301F-11D3-BF4B-00C04F79EFBC}") = "SocialCRM.Domain", "src\SocialCRM.Domain\SocialCRM.Domain.csproj", "{4AED539F-2433-43B0-83BB-20B0B8AF8CBA}"
EndProject
Global
	GlobalSection(SolutionConfigurationPlatforms) = preSolution
		Debug|Any CPU = Debug|Any CPU
		Release|Any CPU = Release|Any CPU
	EndGlobalSection
	GlobalSection(ProjectConfigurationPlatforms) = postSolution
		{B1E3F15A-3A7B-4068-8830-188948F4B461}.Debug|Any CPU.ActiveCfg = Debug|Any CPU
		{B1E3F15A-3A7B-4068-8830-188948F4B461}.Debug|Any CPU.Build.0 = Debug|Any CPU
		{B1E3F15A-3A7B-4068-8830-188948F4B461}.Release|Any CPU.ActiveCfg = Release|Any CPU
		{B1E3F15A-3A7B-4068-8830-188948F4B461}.Release|Any CPU.Build.0 = Release|Any CPU
		{CC5590EF-67C0-4AED-B8A1-37054EC8E2DB}.Debug|Any CPU.ActiveCfg = Debug|Any CPU
		{CC5590EF-67C0-4AED-B8A1-37054EC8E2DB}.Debug|Any CPU.Build.0 = Debug|Any CPU
		{CC5590EF-67C0-4AED-B8A1-37054EC8E2DB}.Release|Any CPU.ActiveCfg = Release|Any CPU
		{CC5590EF-67C0-4AED-B8A1-37054EC8E2DB}.Release|Any CPU.Build.0 = Release|Any CPU
		{FAB30D66-2B16-4102-8C38-7ED8A8369E3C}.Debug|Any CPU.ActiveCfg = Debug|Any CPU
		{FAB30D66-2B16-4102-8C38-7ED8A8369E3C}.Debug|Any CPU.Build.0 = Debug|Any CPU
		{FAB30D66-2B16-4102-8C38-7ED8A8369E3C}.Release|Any CPU.ActiveCfg = Release|Any CPU
		{FAB30D66-2B16-4102-8C38-7ED8A8369E3C}.Release|Any CPU.Build.0 = Release|Any CPU
		{B01771D9-2170-44FB-A2E0-437183D08288}.Debug|Any CPU.ActiveCfg = Debug|Any CPU
		{B01771D9-2170-44FB-A2E0-437183D08288}.Debug|Any CPU.Build.0 = Debug|Any CPU
		{B01771D9-2170-44FB-A2E0-437183D08288}.Release|Any CPU.ActiveCfg = Release|Any CPU
		{B01771D9-2170-44FB-A2E0-437183D08288}.Release|Any CPU.Build.0 = Release|Any CPU
		{4AED539F-2433-43B0-83BB-20B0B8AF8CBA}.Debug|Any CPU.ActiveCfg = Debug|Any CPU
		{4AED539F-2433-43B0-83BB-20B0B8AF8CBA}.Debug|Any CPU.Build.0 = Debug|Any CPU
		{4AED539F-2433-43B0-83BB-20B0B8AF8CBA}.Release|Any CPU.ActiveCfg = Release|Any CPU
		{4AED539F-2433-43B0-83BB-20B0B8AF8CBA}.Release|Any CPU.Build.0 = Release|Any CPU
	EndGlobalSection
	GlobalSection(SolutionProperties) = preSolution
		HideSolutionNode = FALSE
	EndGlobalSection
	GlobalSection(ExtensibilityGlobals) = postSolution
		SolutionGuid = {3FB8DC38-6A58-4260-B5E2-4C26E428E510}
	EndGlobalSection
EndGlobal
